
Microsoft Visual Studio Solution File, Format Version 12.00
# Visual Studio Version 16
VisualStudioVersion = 16.0.28922.388
MinimumVisualStudioVersion = 10.0.40219.1
Project("{FAE04EC0-301F-11D3-BF4B-00C04F79EFBC}") = "OneLineCalculator", "OneLineCalculator\OneLineCalculator.csproj", "{9E1535E9-CDF3-44B1-B18C-66471FFC902F}"
EndProject
Global
	GlobalSection(SolutionConfigurationPlatforms) = preSolution
		Debug|Any CPU = Debug|Any CPU
		Release|Any CPU = Release|Any CPU
	EndGlobalSection
	GlobalSection(ProjectConfigurationPlatforms) = postSolution
		{9E1535E9-CDF3-44B1-B18C-66471FFC902F}.Debug|Any CPU.ActiveCfg = Debug|Any CPU
		{9E1535E9-CDF3-44B1-B18C-66471FFC902F}.Debug|Any CPU.Build.0 = Debug|Any CPU
		{9E1535E9-CDF3-44B1-B18C-66471FFC902F}.Release|Any CPU.ActiveCfg = Release|Any CPU
		{9E1535E9-CDF3-44B1-B18C-66471FFC902F}.Release|Any CPU.Build.0 = Release|Any CPU
	EndGlobalSection
	GlobalSection(SolutionProperties) = preSolution
		HideSolutionNode = FALSE
	EndGlobalSection
	GlobalSection(ExtensibilityGlobals) = postSolution
		SolutionGuid = {C61555F7-7FA6-422F-8E7B-040EBF9CCF28}
	EndGlobalSection
EndGlobal
